
Microsoft Visual Studio Solution File, Format Version 12.00
# Visual Studio Version 16
VisualStudioVersion = 16.0.30114.105
MinimumVisualStudioVersion = 10.0.40219.1
Project("{FAE04EC0-301F-11D3-BF4B-00C04F79EFBC}") = "Penguin.Persistence.EntityFramework.Local", "Penguin.Persistence.EntityFramework.Local.csproj", "{F256A5E3-7795-4CE4-8160-92C8C35DB131}"
EndProject
Project("{FAE04EC0-301F-11D3-BF4B-00C04F79EFBC}") = "Penguin.DependencyInjection.Abstractions.Local", "..\Penguin.DependencyInjection.Abstractions\Penguin.DependencyInjection.Abstractions.Local.csproj", "{7301A2F5-6CEA-4283-BFAE-6760AB6F7228}"
EndProject
Project("{FAE04EC0-301F-11D3-BF4B-00C04F79EFBC}") = "Penguin.Cms.Entities.Local", "..\Penguin.Cms.Entities\Penguin.Cms.Entities.Local.csproj", "{1A49B4F6-B7AB-4EAF-9AC1-D309C7B1C982}"
EndProject
Project("{FAE04EC0-301F-11D3-BF4B-00C04F79EFBC}") = "Penguin.Persistence.Abstractions.Local", "..\Penguin.Persistence.Abstractions\Penguin.Persistence.Abstractions.Local.csproj", "{ED00A8FE-7E3C-4BE6-B14C-7A098E171832}"
EndProject
Project("{FAE04EC0-301F-11D3-BF4B-00C04F79EFBC}") = "Penguin.Entities.Abstractions.Local", "..\Penguin.Entities.Abstractions\Penguin.Entities.Abstractions.Local.csproj", "{F561AA8B-299B-4CAB-AB4B-C304EF88684A}"
EndProject
Project("{FAE04EC0-301F-11D3-BF4B-00C04F79EFBC}") = "Penguin.Reflection.Extensions.Local", "..\Penguin.Reflection.Extensions\Penguin.Reflection.Extensions.Local.csproj", "{6F5D83D2-611F-4E4A-B87D-228D5242FB94}"
EndProject
Project("{FAE04EC0-301F-11D3-BF4B-00C04F79EFBC}") = "Penguin.Reflection.Abstractions.Local", "..\Penguin.Reflection.Abstractions\Penguin.Reflection.Abstractions.Local.csproj", "{ECD0509D-3AB1-4FE0-BECB-B3B4C81D6470}"
EndProject
Project("{FAE04EC0-301F-11D3-BF4B-00C04F79EFBC}") = "Penguin.Extensions.String.Local", "..\Penguin.Extensions.String\Penguin.Extensions.String.Local.csproj", "{7FC7F797-AEDE-43DC-80C6-0410C9E2BC75}"
EndProject
Project("{FAE04EC0-301F-11D3-BF4B-00C04F79EFBC}") = "Penguin.Reflection.Local", "..\Penguin.Reflection\Penguin.Reflection.Local.csproj", "{C3499747-02EC-4651-A3B2-19FA6BCA77C1}"
EndProject
Project("{FAE04EC0-301F-11D3-BF4B-00C04F79EFBC}") = "Penguin.Debugging.Local", "..\Penguin.Debugging\Penguin.Debugging.Local.csproj", "{3FD931CD-B421-438E-8A0B-C470B22C8A24}"
EndProject
Project("{FAE04EC0-301F-11D3-BF4B-00C04F79EFBC}") = "Penguin.Extensions.Exceptions.Local", "..\Penguin.Extensions.Exceptions\Penguin.Extensions.Exceptions.Local.csproj", "{E8499565-6130-4D3D-9484-5C278D8D1FE5}"
EndProject
Project("{FAE04EC0-301F-11D3-BF4B-00C04F79EFBC}") = "Penguin.FileStreams.Local", "..\Penguin.FileStreams\Penguin.FileStreams.Local.csproj", "{C91B1891-2423-4251-AF4C-74C719EEFCF4}"
EndProject
Global
	GlobalSection(SolutionConfigurationPlatforms) = preSolution
		Debug|Any CPU = Debug|Any CPU
		Debug|x64 = Debug|x64
		Debug|x86 = Debug|x86
		Release|Any CPU = Release|Any CPU
		Release|x64 = Release|x64
		Release|x86 = Release|x86
	EndGlobalSection
	GlobalSection(SolutionProperties) = preSolution
		HideSolutionNode = FALSE
	EndGlobalSection
	GlobalSection(ProjectConfigurationPlatforms) = postSolution
		{F256A5E3-7795-4CE4-8160-92C8C35DB131}.Debug|Any CPU.ActiveCfg = Debug|Any CPU
		{F256A5E3-7795-4CE4-8160-92C8C35DB131}.Debug|Any CPU.Build.0 = Debug|Any CPU
		{F256A5E3-7795-4CE4-8160-92C8C35DB131}.Debug|x64.ActiveCfg = Debug|Any CPU
		{F256A5E3-7795-4CE4-8160-92C8C35DB131}.Debug|x64.Build.0 = Debug|Any CPU
		{F256A5E3-7795-4CE4-8160-92C8C35DB131}.Debug|x86.ActiveCfg = Debug|Any CPU
		{F256A5E3-7795-4CE4-8160-92C8C35DB131}.Debug|x86.Build.0 = Debug|Any CPU
		{F256A5E3-7795-4CE4-8160-92C8C35DB131}.Release|Any CPU.ActiveCfg = Release|Any CPU
		{F256A5E3-7795-4CE4-8160-92C8C35DB131}.Release|Any CPU.Build.0 = Release|Any CPU
		{F256A5E3-7795-4CE4-8160-92C8C35DB131}.Release|x64.ActiveCfg = Release|Any CPU
		{F256A5E3-7795-4CE4-8160-92C8C35DB131}.Release|x64.Build.0 = Release|Any CPU
		{F256A5E3-7795-4CE4-8160-92C8C35DB131}.Release|x86.ActiveCfg = Release|Any CPU
		{F256A5E3-7795-4CE4-8160-92C8C35DB131}.Release|x86.Build.0 = Release|Any CPU
		{7301A2F5-6CEA-4283-BFAE-6760AB6F7228}.Debug|Any CPU.ActiveCfg = Debug|Any CPU
		{7301A2F5-6CEA-4283-BFAE-6760AB6F7228}.Debug|Any CPU.Build.0 = Debug|Any CPU
		{7301A2F5-6CEA-4283-BFAE-6760AB6F7228}.Debug|x64.ActiveCfg = Debug|Any CPU
		{7301A2F5-6CEA-4283-BFAE-6760AB6F7228}.Debug|x64.Build.0 = Debug|Any CPU
		{7301A2F5-6CEA-4283-BFAE-6760AB6F7228}.Debug|x86.ActiveCfg = Debug|Any CPU
		{7301A2F5-6CEA-4283-BFAE-6760AB6F7228}.Debug|x86.Build.0 = Debug|Any CPU
		{7301A2F5-6CEA-4283-BFAE-6760AB6F7228}.Release|Any CPU.ActiveCfg = Release|Any CPU
		{7301A2F5-6CEA-4283-BFAE-6760AB6F7228}.Release|Any CPU.Build.0 = Release|Any CPU
		{7301A2F5-6CEA-4283-BFAE-6760AB6F7228}.Release|x64.ActiveCfg = Release|Any CPU
		{7301A2F5-6CEA-4283-BFAE-6760AB6F7228}.Release|x64.Build.0 = Release|Any CPU
		{7301A2F5-6CEA-4283-BFAE-6760AB6F7228}.Release|x86.ActiveCfg = Release|Any CPU
		{7301A2F5-6CEA-4283-BFAE-6760AB6F7228}.Release|x86.Build.0 = Release|Any CPU
		{1A49B4F6-B7AB-4EAF-9AC1-D309C7B1C982}.Debug|Any CPU.ActiveCfg = Debug|Any CPU
		{1A49B4F6-B7AB-4EAF-9AC1-D309C7B1C982}.Debug|Any CPU.Build.0 = Debug|Any CPU
		{1A49B4F6-B7AB-4EAF-9AC1-D309C7B1C982}.Debug|x64.ActiveCfg = Debug|Any CPU
		{1A49B4F6-B7AB-4EAF-9AC1-D309C7B1C982}.Debug|x64.Build.0 = Debug|Any CPU
		{1A49B4F6-B7AB-4EAF-9AC1-D309C7B1C982}.Debug|x86.ActiveCfg = Debug|Any CPU
		{1A49B4F6-B7AB-4EAF-9AC1-D309C7B1C982}.Debug|x86.Build.0 = Debug|Any CPU
		{1A49B4F6-B7AB-4EAF-9AC1-D309C7B1C982}.Release|Any CPU.ActiveCfg = Release|Any CPU
		{1A49B4F6-B7AB-4EAF-9AC1-D309C7B1C982}.Release|Any CPU.Build.0 = Release|Any CPU
		{1A49B4F6-B7AB-4EAF-9AC1-D309C7B1C982}.Release|x64.ActiveCfg = Release|Any CPU
		{1A49B4F6-B7AB-4EAF-9AC1-D309C7B1C982}.Release|x64.Build.0 = Release|Any CPU
		{1A49B4F6-B7AB-4EAF-9AC1-D309C7B1C982}.Release|x86.ActiveCfg = Release|Any CPU
		{1A49B4F6-B7AB-4EAF-9AC1-D309C7B1C982}.Release|x86.Build.0 = Release|Any CPU
		{ED00A8FE-7E3C-4BE6-B14C-7A098E171832}.Debug|Any CPU.ActiveCfg = Debug|Any CPU
		{ED00A8FE-7E3C-4BE6-B14C-7A098E171832}.Debug|Any CPU.Build.0 = Debug|Any CPU
		{ED00A8FE-7E3C-4BE6-B14C-7A098E171832}.Debug|x64.ActiveCfg = Debug|Any CPU
		{ED00A8FE-7E3C-4BE6-B14C-7A098E171832}.Debug|x64.Build.0 = Debug|Any CPU
		{ED00A8FE-7E3C-4BE6-B14C-7A098E171832}.Debug|x86.ActiveCfg = Debug|Any CPU
		{ED00A8FE-7E3C-4BE6-B14C-7A098E171832}.Debug|x86.Build.0 = Debug|Any CPU
		{ED00A8FE-7E3C-4BE6-B14C-7A098E171832}.Release|Any CPU.ActiveCfg = Release|Any CPU
		{ED00A8FE-7E3C-4BE6-B14C-7A098E171832}.Release|Any CPU.Build.0 = Release|Any CPU
		{ED00A8FE-7E3C-4BE6-B14C-7A098E171832}.Release|x64.ActiveCfg = Release|Any CPU
		{ED00A8FE-7E3C-4BE6-B14C-7A098E171832}.Release|x64.Build.0 = Release|Any CPU
		{ED00A8FE-7E3C-4BE6-B14C-7A098E171832}.Release|x86.ActiveCfg = Release|Any CPU
		{ED00A8FE-7E3C-4BE6-B14C-7A098E171832}.Release|x86.Build.0 = Release|Any CPU
		{F561AA8B-299B-4CAB-AB4B-C304EF88684A}.Debug|Any CPU.ActiveCfg = Debug|Any CPU
		{F561AA8B-299B-4CAB-AB4B-C304EF88684A}.Debug|Any CPU.Build.0 = Debug|Any CPU
		{F561AA8B-299B-4CAB-AB4B-C304EF88684A}.Debug|x64.ActiveCfg = Debug|Any CPU
		{F561AA8B-299B-4CAB-AB4B-C304EF88684A}.Debug|x64.Build.0 = Debug|Any CPU
		{F561AA8B-299B-4CAB-AB4B-C304EF88684A}.Debug|x86.ActiveCfg = Debug|Any CPU
		{F561AA8B-299B-4CAB-AB4B-C304EF88684A}.Debug|x86.Build.0 = Debug|Any CPU
		{F561AA8B-299B-4CAB-AB4B-C304EF88684A}.Release|Any CPU.ActiveCfg = Release|Any CPU
		{F561AA8B-299B-4CAB-AB4B-C304EF88684A}.Release|Any CPU.Build.0 = Release|Any CPU
		{F561AA8B-299B-4CAB-AB4B-C304EF88684A}.Release|x64.ActiveCfg = Release|Any CPU
		{F561AA8B-299B-4CAB-AB4B-C304EF88684A}.Release|x64.Build.0 = Release|Any CPU
		{F561AA8B-299B-4CAB-AB4B-C304EF88684A}.Release|x86.ActiveCfg = Release|Any CPU
		{F561AA8B-299B-4CAB-AB4B-C304EF88684A}.Release|x86.Build.0 = Release|Any CPU
		{6F5D83D2-611F-4E4A-B87D-228D5242FB94}.Debug|Any CPU.ActiveCfg = Debug|Any CPU
		{6F5D83D2-611F-4E4A-B87D-228D5242FB94}.Debug|Any CPU.Build.0 = Debug|Any CPU
		{6F5D83D2-611F-4E4A-B87D-228D5242FB94}.Debug|x64.ActiveCfg = Debug|Any CPU
		{6F5D83D2-611F-4E4A-B87D-228D5242FB94}.Debug|x64.Build.0 = Debug|Any CPU
		{6F5D83D2-611F-4E4A-B87D-228D5242FB94}.Debug|x86.ActiveCfg = Debug|Any CPU
		{6F5D83D2-611F-4E4A-B87D-228D5242FB94}.Debug|x86.Build.0 = Debug|Any CPU
		{6F5D83D2-611F-4E4A-B87D-228D5242FB94}.Release|Any CPU.ActiveCfg = Release|Any CPU
		{6F5D83D2-611F-4E4A-B87D-228D5242FB94}.Release|Any CPU.Build.0 = Release|Any CPU
		{6F5D83D2-611F-4E4A-B87D-228D5242FB94}.Release|x64.ActiveCfg = Release|Any CPU
		{6F5D83D2-611F-4E4A-B87D-228D5242FB94}.Release|x64.Build.0 = Release|Any CPU
		{6F5D83D2-611F-4E4A-B87D-228D5242FB94}.Release|x86.ActiveCfg = Release|Any CPU
		{6F5D83D2-611F-4E4A-B87D-228D5242FB94}.Release|x86.Build.0 = Release|Any CPU
		{ECD0509D-3AB1-4FE0-BECB-B3B4C81D6470}.Debug|Any CPU.ActiveCfg = Debug|Any CPU
		{ECD0509D-3AB1-4FE0-BECB-B3B4C81D6470}.Debug|Any CPU.Build.0 = Debug|Any CPU
		{ECD0509D-3AB1-4FE0-BECB-B3B4C81D6470}.Debug|x64.ActiveCfg = Debug|Any CPU
		{ECD0509D-3AB1-4FE0-BECB-B3B4C81D6470}.Debug|x64.Build.0 = Debug|Any CPU
		{ECD0509D-3AB1-4FE0-BECB-B3B4C81D6470}.Debug|x86.ActiveCfg = Debug|Any CPU
		{ECD0509D-3AB1-4FE0-BECB-B3B4C81D6470}.Debug|x86.Build.0 = Debug|Any CPU
		{ECD0509D-3AB1-4FE0-BECB-B3B4C81D6470}.Release|Any CPU.ActiveCfg = Release|Any CPU
		{ECD0509D-3AB1-4FE0-BECB-B3B4C81D6470}.Release|Any CPU.Build.0 = Release|Any CPU
		{ECD0509D-3AB1-4FE0-BECB-B3B4C81D6470}.Release|x64.ActiveCfg = Release|Any CPU
		{ECD0509D-3AB1-4FE0-BECB-B3B4C81D6470}.Release|x64.Build.0 = Release|Any CPU
		{ECD0509D-3AB1-4FE0-BECB-B3B4C81D6470}.Release|x86.ActiveCfg = Release|Any CPU
		{ECD0509D-3AB1-4FE0-BECB-B3B4C81D6470}.Release|x86.Build.0 = Release|Any CPU
		{7FC7F797-AEDE-43DC-80C6-0410C9E2BC75}.Debug|Any CPU.ActiveCfg = Debug|Any CPU
		{7FC7F797-AEDE-43DC-80C6-0410C9E2BC75}.Debug|Any CPU.Build.0 = Debug|Any CPU
		{7FC7F797-AEDE-43DC-80C6-0410C9E2BC75}.Debug|x64.ActiveCfg = Debug|Any CPU
		{7FC7F797-AEDE-43DC-80C6-0410C9E2BC75}.Debug|x64.Build.0 = Debug|Any CPU
		{7FC7F797-AEDE-43DC-80C6-0410C9E2BC75}.Debug|x86.ActiveCfg = Debug|Any CPU
		{7FC7F797-AEDE-43DC-80C6-0410C9E2BC75}.Debug|x86.Build.0 = Debug|Any CPU
		{7FC7F797-AEDE-43DC-80C6-0410C9E2BC75}.Release|Any CPU.ActiveCfg = Release|Any CPU
		{7FC7F797-AEDE-43DC-80C6-0410C9E2BC75}.Release|Any CPU.Build.0 = Release|Any CPU
		{7FC7F797-AEDE-43DC-80C6-0410C9E2BC75}.Release|x64.ActiveCfg = Release|Any CPU
		{7FC7F797-AEDE-43DC-80C6-0410C9E2BC75}.Release|x64.Build.0 = Release|Any CPU
		{7FC7F797-AEDE-43DC-80C6-0410C9E2BC75}.Release|x86.ActiveCfg = Release|Any CPU
		{7FC7F797-AEDE-43DC-80C6-0410C9E2BC75}.Release|x86.Build.0 = Release|Any CPU
		{C3499747-02EC-4651-A3B2-19FA6BCA77C1}.Debug|Any CPU.ActiveCfg = Debug|Any CPU
		{C3499747-02EC-4651-A3B2-19FA6BCA77C1}.Debug|Any CPU.Build.0 = Debug|Any CPU
		{C3499747-02EC-4651-A3B2-19FA6BCA77C1}.Debug|x64.ActiveCfg = Debug|Any CPU
		{C3499747-02EC-4651-A3B2-19FA6BCA77C1}.Debug|x64.Build.0 = Debug|Any CPU
		{C3499747-02EC-4651-A3B2-19FA6BCA77C1}.Debug|x86.ActiveCfg = Debug|Any CPU
		{C3499747-02EC-4651-A3B2-19FA6BCA77C1}.Debug|x86.Build.0 = Debug|Any CPU
		{C3499747-02EC-4651-A3B2-19FA6BCA77C1}.Release|Any CPU.ActiveCfg = Release|Any CPU
		{C3499747-02EC-4651-A3B2-19FA6BCA77C1}.Release|Any CPU.Build.0 = Release|Any CPU
		{C3499747-02EC-4651-A3B2-19FA6BCA77C1}.Release|x64.ActiveCfg = Release|Any CPU
		{C3499747-02EC-4651-A3B2-19FA6BCA77C1}.Release|x64.Build.0 = Release|Any CPU
		{C3499747-02EC-4651-A3B2-19FA6BCA77C1}.Release|x86.ActiveCfg = Release|Any CPU
		{C3499747-02EC-4651-A3B2-19FA6BCA77C1}.Release|x86.Build.0 = Release|Any CPU
		{3FD931CD-B421-438E-8A0B-C470B22C8A24}.Debug|Any CPU.ActiveCfg = Debug|Any CPU
		{3FD931CD-B421-438E-8A0B-C470B22C8A24}.Debug|Any CPU.Build.0 = Debug|Any CPU
		{3FD931CD-B421-438E-8A0B-C470B22C8A24}.Debug|x64.ActiveCfg = Debug|Any CPU
		{3FD931CD-B421-438E-8A0B-C470B22C8A24}.Debug|x64.Build.0 = Debug|Any CPU
		{3FD931CD-B421-438E-8A0B-C470B22C8A24}.Debug|x86.ActiveCfg = Debug|Any CPU
		{3FD931CD-B421-438E-8A0B-C470B22C8A24}.Debug|x86.Build.0 = Debug|Any CPU
		{3FD931CD-B421-438E-8A0B-C470B22C8A24}.Release|Any CPU.ActiveCfg = Release|Any CPU
		{3FD931CD-B421-438E-8A0B-C470B22C8A24}.Release|Any CPU.Build.0 = Release|Any CPU
		{3FD931CD-B421-438E-8A0B-C470B22C8A24}.Release|x64.ActiveCfg = Release|Any CPU
		{3FD931CD-B421-438E-8A0B-C470B22C8A24}.Release|x64.Build.0 = Release|Any CPU
		{3FD931CD-B421-438E-8A0B-C470B22C8A24}.Release|x86.ActiveCfg = Release|Any CPU
		{3FD931CD-B421-438E-8A0B-C470B22C8A24}.Release|x86.Build.0 = Release|Any CPU
		{E8499565-6130-4D3D-9484-5C278D8D1FE5}.Debug|Any CPU.ActiveCfg = Debug|Any CPU
		{E8499565-6130-4D3D-9484-5C278D8D1FE5}.Debug|Any CPU.Build.0 = Debug|Any CPU
		{E8499565-6130-4D3D-9484-5C278D8D1FE5}.Debug|x64.ActiveCfg = Debug|Any CPU
		{E8499565-6130-4D3D-9484-5C278D8D1FE5}.Debug|x64.Build.0 = Debug|Any CPU
		{E8499565-6130-4D3D-9484-5C278D8D1FE5}.Debug|x86.ActiveCfg = Debug|Any CPU
		{E8499565-6130-4D3D-9484-5C278D8D1FE5}.Debug|x86.Build.0 = Debug|Any CPU
		{E8499565-6130-4D3D-9484-5C278D8D1FE5}.Release|Any CPU.ActiveCfg = Release|Any CPU
		{E8499565-6130-4D3D-9484-5C278D8D1FE5}.Release|Any CPU.Build.0 = Release|Any CPU
		{E8499565-6130-4D3D-9484-5C278D8D1FE5}.Release|x64.ActiveCfg = Release|Any CPU
		{E8499565-6130-4D3D-9484-5C278D8D1FE5}.Release|x64.Build.0 = Release|Any CPU
		{E8499565-6130-4D3D-9484-5C278D8D1FE5}.Release|x86.ActiveCfg = Release|Any CPU
		{E8499565-6130-4D3D-9484-5C278D8D1FE5}.Release|x86.Build.0 = Release|Any CPU
		{C91B1891-2423-4251-AF4C-74C719EEFCF4}.Debug|Any CPU.ActiveCfg = Debug|Any CPU
		{C91B1891-2423-4251-AF4C-74C719EEFCF4}.Debug|Any CPU.Build.0 = Debug|Any CPU
		{C91B1891-2423-4251-AF4C-74C719EEFCF4}.Debug|x64.ActiveCfg = Debug|Any CPU
		{C91B1891-2423-4251-AF4C-74C719EEFCF4}.Debug|x64.Build.0 = Debug|Any CPU
		{C91B1891-2423-4251-AF4C-74C719EEFCF4}.Debug|x86.ActiveCfg = Debug|Any CPU
		{C91B1891-2423-4251-AF4C-74C719EEFCF4}.Debug|x86.Build.0 = Debug|Any CPU
		{C91B1891-2423-4251-AF4C-74C719EEFCF4}.Release|Any CPU.ActiveCfg = Release|Any CPU
		{C91B1891-2423-4251-AF4C-74C719EEFCF4}.Release|Any CPU.Build.0 = Release|Any CPU
		{C91B1891-2423-4251-AF4C-74C719EEFCF4}.Release|x64.ActiveCfg = Release|Any CPU
		{C91B1891-2423-4251-AF4C-74C719EEFCF4}.Release|x64.Build.0 = Release|Any CPU
		{C91B1891-2423-4251-AF4C-74C719EEFCF4}.Release|x86.ActiveCfg = Release|Any CPU
		{C91B1891-2423-4251-AF4C-74C719EEFCF4}.Release|x86.Build.0 = Release|Any CPU
	EndGlobalSection
EndGlobal
